{
  "version": 4,
  "terraform_version": "1.8.4",
  "serial": 399,
  "lineage": "544f5f99-f401-6a78-a6f9-17676940b93e",
  "outputs": {},
  "resources": [
    {
      "mode": "data",
      "type": "aws_db_instance",
      "name": "primary_db",
      "provider": "provider[\"registry.terraform.io/hashicorp/aws\"].primary",
      "instances": [
        {
          "schema_version": 0,
          "attributes": {
            "address": "primary-db.cdqicm2cap2j.ap-south-1.rds.amazonaws.com",
            "allocated_storage": 20,
            "auto_minor_version_upgrade": true,
            "availability_zone": "ap-south-1b",
            "backup_retention_period": 7,
            "ca_cert_identifier": "rds-ca-rsa2048-g1",
            "db_cluster_identifier": "",
            "db_instance_arn": "arn:aws:rds:ap-south-1:590184002190:db:primary-db",
            "db_instance_class": "db.t3.micro",
            "db_instance_identifier": "primary-db",
            "db_instance_port": 0,
            "db_name": "",
            "db_parameter_groups": [
              "default.mysql8.0"
            ],
            "db_subnet_group": "primary-db-subnet-group",
            "enabled_cloudwatch_logs_exports": [],
            "endpoint": "primary-db.cdqicm2cap2j.ap-south-1.rds.amazonaws.com:3306",
            "engine": "mysql",
            "engine_version": "8.0.35",
            "hosted_zone_id": "Z2VFMSZA74J7XZ",
            "id": "primary-db",
            "iops": 0,
            "kms_key_id": "",
            "license_model": "general-public-license",
            "master_user_secret": null,
            "master_username": "admin",
            "max_allocated_storage": 0,
            "monitoring_interval": 0,
            "monitoring_role_arn": "",
            "multi_az": false,
            "network_type": "IPV4",
            "option_group_memberships": [
              "default:mysql-8-0"
            ],
            "port": 3306,
            "preferred_backup_window": "03:00-04:00",
            "preferred_maintenance_window": "thu:09:26-thu:09:56",
            "publicly_accessible": false,
            "replicate_source_db": "",
            "resource_id": "db-3QYTXY24OI3YAXG2PJL2CSBTAM",
            "storage_encrypted": false,
            "storage_throughput": 0,
            "storage_type": "gp2",
            "tags": {},
            "timezone": "",
            "vpc_security_groups": [
              "sg-09fe7a1291e5ff153"
            ]
          },
          "sensitive_attributes": []
        }
      ]
    },
    {
      "mode": "managed",
      "type": "aws_db_instance",
      "name": "primary_db",
      "provider": "provider[\"registry.terraform.io/hashicorp/aws\"].primary",
      "instances": [
        {
          "schema_version": 2,
          "attributes": {
            "address": "primary-db.cdqicm2cap2j.ap-south-1.rds.amazonaws.com",
            "allocated_storage": 20,
            "allow_major_version_upgrade": null,
            "apply_immediately": false,
            "arn": "arn:aws:rds:ap-south-1:590184002190:db:primary-db",
            "auto_minor_version_upgrade": true,
            "availability_zone": "ap-south-1b",
            "backup_retention_period": 7,
            "backup_target": "region",
            "backup_window": "03:00-04:00",
            "blue_green_update": [],
            "ca_cert_identifier": "rds-ca-rsa2048-g1",
            "character_set_name": "",
            "copy_tags_to_snapshot": false,
            "custom_iam_instance_profile": "",
            "customer_owned_ip_enabled": false,
            "db_name": "",
            "db_subnet_group_name": "primary-db-subnet-group",
            "dedicated_log_volume": false,
            "delete_automated_backups": true,
            "deletion_protection": false,
            "domain": "",
            "domain_auth_secret_arn": "",
            "domain_dns_ips": [],
            "domain_fqdn": "",
            "domain_iam_role_name": "",
            "domain_ou": "",
            "enabled_cloudwatch_logs_exports": [],
            "endpoint": "primary-db.cdqicm2cap2j.ap-south-1.rds.amazonaws.com:3306",
            "engine": "mysql",
            "engine_version": "8.0.35",
            "engine_version_actual": "8.0.35",
            "final_snapshot_identifier": null,
            "hosted_zone_id": "Z2VFMSZA74J7XZ",
            "iam_database_authentication_enabled": false,
            "id": "db-3QYTXY24OI3YAXG2PJL2CSBTAM",
            "identifier": "primary-db",
            "identifier_prefix": "",
            "instance_class": "db.t3.micro",
            "iops": 0,
            "kms_key_id": "",
            "latest_restorable_time": "2024-06-25T20:25:00Z",
            "license_model": "general-public-license",
            "listener_endpoint": [],
            "maintenance_window": "thu:09:26-thu:09:56",
            "manage_master_user_password": null,
            "master_user_secret": [],
            "master_user_secret_kms_key_id": null,
            "max_allocated_storage": 0,
            "monitoring_interval": 0,
            "monitoring_role_arn": "",
            "multi_az": false,
            "nchar_character_set_name": "",
            "network_type": "IPV4",
            "option_group_name": "default:mysql-8-0",
            "parameter_group_name": "default.mysql8.0",
            "password": "Manager(4242)",
            "performance_insights_enabled": false,
            "performance_insights_kms_key_id": "",
            "performance_insights_retention_period": 0,
            "port": 3306,
            "publicly_accessible": false,
            "replica_mode": "",
            "replicas": [
              "arn:aws:rds:ap-south-2:590184002190:db:secondary-db"
            ],
            "replicate_source_db": "",
            "resource_id": "db-3QYTXY24OI3YAXG2PJL2CSBTAM",
            "restore_to_point_in_time": [],
            "s3_import": [],
            "skip_final_snapshot": true,
            "snapshot_identifier": "terraform-db-snapshot",
            "status": "available",
            "storage_encrypted": false,
            "storage_throughput": 0,
            "storage_type": "gp2",
            "tags": {},
            "tags_all": {},
            "timeouts": null,
            "timezone": "",
            "username": "admin",
            "vpc_security_group_ids": [
              "sg-09fe7a1291e5ff153"
            ]
          },
          "sensitive_attributes": [
            [
              {
                "type": "get_attr",
                "value": "password"
              }
            ]
          ],
          "private": "eyJlMmJmYjczMC1lY2FhLTExZTYtOGY4OC0zNDM2M2JjN2M0YzAiOnsiY3JlYXRlIjoyNDAwMDAwMDAwMDAwLCJkZWxldGUiOjM2MDAwMDAwMDAwMDAsInVwZGF0ZSI6NDgwMDAwMDAwMDAwMH0sInNjaGVtYV92ZXJzaW9uIjoiMiJ9",
          "dependencies": [
            "aws_db_subnet_group.primary_db_subnet_group",
            "aws_internet_gateway.web-igw",
            "aws_security_group.web-sg",
            "aws_subnet.web-prv-sub-1a",
            "aws_subnet.web-prv-sub-1b",
            "aws_vpc.web-vpc"
          ]
        }
      ]
    },
    {
      "mode": "managed",
      "type": "aws_db_instance",
      "name": "secondary_db",
      "provider": "provider[\"registry.terraform.io/hashicorp/aws\"].secondary",
      "instances": [
        {
          "schema_version": 2,
          "attributes": {
            "address": "secondary-db.c5uykkeaygl0.ap-south-2.rds.amazonaws.com",
            "allocated_storage": 20,
            "allow_major_version_upgrade": null,
            "apply_immediately": false,
            "arn": "arn:aws:rds:ap-south-2:590184002190:db:secondary-db",
            "auto_minor_version_upgrade": true,
            "availability_zone": "ap-south-2a",
            "backup_retention_period": 0,
            "backup_target": "region",
            "backup_window": "03:00-04:00",
            "blue_green_update": [],
            "ca_cert_identifier": "rds-ca-rsa2048-g1",
            "character_set_name": "",
            "copy_tags_to_snapshot": false,
            "custom_iam_instance_profile": "",
            "customer_owned_ip_enabled": false,
            "db_name": "",
            "db_subnet_group_name": "dr-db-subnet-group",
            "dedicated_log_volume": false,
            "delete_automated_backups": true,
            "deletion_protection": false,
            "domain": "",
            "domain_auth_secret_arn": "",
            "domain_dns_ips": [],
            "domain_fqdn": "",
            "domain_iam_role_name": "",
            "domain_ou": "",
            "enabled_cloudwatch_logs_exports": [],
            "endpoint": "secondary-db.c5uykkeaygl0.ap-south-2.rds.amazonaws.com:3306",
            "engine": "mysql",
            "engine_version": "8.0.35",
            "engine_version_actual": "8.0.35",
            "final_snapshot_identifier": null,
            "hosted_zone_id": "Z098687625BJA6F8S4YLC",
            "iam_database_authentication_enabled": false,
            "id": "db-K34KVECHXIKGOOCK4LUTE5LHWQ",
            "identifier": "secondary-db",
            "identifier_prefix": "",
            "instance_class": "db.t3.micro",
            "iops": 0,
            "kms_key_id": "",
            "latest_restorable_time": "",
            "license_model": "general-public-license",
            "listener_endpoint": [],
            "maintenance_window": "thu:09:26-thu:09:56",
            "manage_master_user_password": null,
            "master_user_secret": [],
            "master_user_secret_kms_key_id": null,
            "max_allocated_storage": 0,
            "monitoring_interval": 0,
            "monitoring_role_arn": "",
            "multi_az": false,
            "nchar_character_set_name": "",
            "network_type": "IPV4",
            "option_group_name": "default:mysql-8-0",
            "parameter_group_name": "default.mysql8.0",
            "password": null,
            "performance_insights_enabled": false,
            "performance_insights_kms_key_id": "",
            "performance_insights_retention_period": 0,
            "port": 3306,
            "publicly_accessible": false,
            "replica_mode": "",
            "replicas": [],
            "replicate_source_db": "arn:aws:rds:ap-south-1:590184002190:db:primary-db",
            "resource_id": "db-K34KVECHXIKGOOCK4LUTE5LHWQ",
            "restore_to_point_in_time": [],
            "s3_import": [],
            "skip_final_snapshot": true,
            "snapshot_identifier": null,
            "status": "available",
            "storage_encrypted": false,
            "storage_throughput": 0,
            "storage_type": "gp2",
            "tags": {},
            "tags_all": {},
            "timeouts": null,
            "timezone": "",
            "username": "admin",
            "vpc_security_group_ids": [
              "sg-07d5072ebabb15c3e"
            ]
          },
          "sensitive_attributes": [
            [
              {
                "type": "get_attr",
                "value": "password"
              }
            ]
          ],
          "private": "eyJlMmJmYjczMC1lY2FhLTExZTYtOGY4OC0zNDM2M2JjN2M0YzAiOnsiY3JlYXRlIjoyNDAwMDAwMDAwMDAwLCJkZWxldGUiOjM2MDAwMDAwMDAwMDAsInVwZGF0ZSI6NDgwMDAwMDAwMDAwMH0sInNjaGVtYV92ZXJzaW9uIjoiMiJ9",
          "dependencies": [
            "aws_db_instance.primary_db",
            "aws_db_subnet_group.dr_db_subnet_group",
            "aws_db_subnet_group.primary_db_subnet_group",
            "aws_internet_gateway.dr-igw",
            "aws_internet_gateway.web-igw",
            "aws_security_group.dr-sg",
            "aws_security_group.web-sg",
            "aws_subnet.dr-prv-sub-1a",
            "aws_subnet.dr-prv-sub-1b",
            "aws_subnet.web-prv-sub-1a",
            "aws_subnet.web-prv-sub-1b",
            "aws_vpc.dr-vpc",
            "aws_vpc.web-vpc",
            "data.aws_db_instance.primary_db"
          ]
        }
      ]
    },
    {
      "mode": "managed",
      "type": "aws_db_subnet_group",
      "name": "dr_db_subnet_group",
      "provider": "provider[\"registry.terraform.io/hashicorp/aws\"].secondary",
      "instances": [
        {
          "schema_version": 0,
          "attributes": {
            "arn": "arn:aws:rds:ap-south-2:590184002190:subgrp:dr-db-subnet-group",
            "description": "Managed by Terraform",
            "id": "dr-db-subnet-group",
            "name": "dr-db-subnet-group",
            "name_prefix": "",
            "subnet_ids": [
              "subnet-0204835897ee96f02",
              "subnet-05f3fcf5f4b5d5ad4"
            ],
            "supported_network_types": [],
            "tags": {
              "Name": "dr-db-subnet-group"
            },
            "tags_all": {
              "Name": "dr-db-subnet-group"
            },
            "vpc_id": "vpc-0e242674a4a7dd42a"
          },
          "sensitive_attributes": [],
          "private": "bnVsbA==",
          "dependencies": [
            "aws_internet_gateway.dr-igw",
            "aws_subnet.dr-prv-sub-1a",
            "aws_subnet.dr-prv-sub-1b",
            "aws_vpc.dr-vpc"
          ]
        }
      ]
    },
    {
      "mode": "managed",
      "type": "aws_db_subnet_group",
      "name": "primary_db_subnet_group",
      "provider": "provider[\"registry.terraform.io/hashicorp/aws\"].primary",
      "instances": [
        {
          "schema_version": 0,
          "attributes": {
            "arn": "arn:aws:rds:ap-south-1:590184002190:subgrp:primary-db-subnet-group",
            "description": "Managed by Terraform",
            "id": "primary-db-subnet-group",
            "name": "primary-db-subnet-group",
            "name_prefix": "",
            "subnet_ids": [
              "subnet-06e7e70af75e89907",
              "subnet-0a3ee009127c65fa2"
            ],
            "supported_network_types": [
              "IPV4"
            ],
            "tags": {
              "Name": "primary-db-subnet-group"
            },
            "tags_all": {
              "Name": "primary-db-subnet-group"
            },
            "vpc_id": "vpc-031c0edf92d6fcf69"
          },
          "sensitive_attributes": [],
          "private": "bnVsbA==",
          "dependencies": [
            "aws_internet_gateway.web-igw",
            "aws_subnet.web-prv-sub-1a",
            "aws_subnet.web-prv-sub-1b",
            "aws_vpc.web-vpc"
          ]
        }
      ]
    },
    {
      "mode": "managed",
      "type": "aws_internet_gateway",
      "name": "dr-igw",
      "provider": "provider[\"registry.terraform.io/hashicorp/aws\"].secondary",
      "instances": [
        {
          "schema_version": 0,
          "attributes": {
            "arn": "arn:aws:ec2:ap-south-2:590184002190:internet-gateway/igw-098ed71e9b9d0513d",
            "id": "igw-098ed71e9b9d0513d",
            "owner_id": "590184002190",
            "tags": {
              "Name": "DR-Terraform-IGW"
            },
            "tags_all": {
              "Name": "DR-Terraform-IGW"
            },
            "timeouts": null,
            "vpc_id": "vpc-0e242674a4a7dd42a"
          },
          "sensitive_attributes": [],
          "private": "eyJlMmJmYjczMC1lY2FhLTExZTYtOGY4OC0zNDM2M2JjN2M0YzAiOnsiY3JlYXRlIjoxMjAwMDAwMDAwMDAwLCJkZWxldGUiOjEyMDAwMDAwMDAwMDAsInVwZGF0ZSI6MTIwMDAwMDAwMDAwMH19",
          "dependencies": [
            "aws_vpc.dr-vpc"
          ]
        }
      ]
    },
    {
      "mode": "managed",
      "type": "aws_internet_gateway",
      "name": "web-igw",
      "provider": "provider[\"registry.terraform.io/hashicorp/aws\"].primary",
      "instances": [
        {
          "schema_version": 0,
          "attributes": {
            "arn": "arn:aws:ec2:ap-south-1:590184002190:internet-gateway/igw-0e2cae47a0aa50383",
            "id": "igw-0e2cae47a0aa50383",
            "owner_id": "590184002190",
            "tags": {
              "Name": "Terraform-IGW"
            },
            "tags_all": {
              "Name": "Terraform-IGW"
            },
            "timeouts": null,
            "vpc_id": "vpc-031c0edf92d6fcf69"
          },
          "sensitive_attributes": [],
          "private": "eyJlMmJmYjczMC1lY2FhLTExZTYtOGY4OC0zNDM2M2JjN2M0YzAiOnsiY3JlYXRlIjoxMjAwMDAwMDAwMDAwLCJkZWxldGUiOjEyMDAwMDAwMDAwMDAsInVwZGF0ZSI6MTIwMDAwMDAwMDAwMH19",
          "dependencies": [
            "aws_vpc.web-vpc"
          ]
        }
      ]
    },
    {
      "mode": "managed",
      "type": "aws_security_group",
      "name": "dr-sg",
      "provider": "provider[\"registry.terraform.io/hashicorp/aws\"].secondary",
      "instances": [
        {
          "schema_version": 1,
          "attributes": {
            "arn": "arn:aws:ec2:ap-south-2:590184002190:security-group/sg-07d5072ebabb15c3e",
            "description": "Terraform http \u0026 RDP allow",
            "egress": [],
            "id": "sg-07d5072ebabb15c3e",
            "ingress": [],
            "name": "DR-Terraform-SG",
            "name_prefix": "",
            "owner_id": "590184002190",
            "revoke_rules_on_delete": false,
            "tags": {
              "Name": "DR-Terraform-SG"
            },
            "tags_all": {
              "Name": "DR-Terraform-SG"
            },
            "timeouts": null,
            "vpc_id": "vpc-0e242674a4a7dd42a"
          },
          "sensitive_attributes": [],
          "private": "eyJlMmJmYjczMC1lY2FhLTExZTYtOGY4OC0zNDM2M2JjN2M0YzAiOnsiY3JlYXRlIjo2MDAwMDAwMDAwMDAsImRlbGV0ZSI6OTAwMDAwMDAwMDAwfSwic2NoZW1hX3ZlcnNpb24iOiIxIn0=",
          "dependencies": [
            "aws_vpc.dr-vpc"
          ]
        }
      ]
    },
    {
      "mode": "managed",
      "type": "aws_security_group",
      "name": "web-sg",
      "provider": "provider[\"registry.terraform.io/hashicorp/aws\"].primary",
      "instances": [
        {
          "schema_version": 1,
          "attributes": {
            "arn": "arn:aws:ec2:ap-south-1:590184002190:security-group/sg-09fe7a1291e5ff153",
            "description": "Terraform http \u0026 RDP allow",
            "egress": [],
            "id": "sg-09fe7a1291e5ff153",
            "ingress": [
              {
                "cidr_blocks": [
                  "0.0.0.0/0"
                ],
                "description": "",
                "from_port": 3306,
                "ipv6_cidr_blocks": [],
                "prefix_list_ids": [],
                "protocol": "tcp",
                "security_groups": [],
                "self": false,
                "to_port": 3306
              }
            ],
            "name": "Terraform-SG",
            "name_prefix": "",
            "owner_id": "590184002190",
            "revoke_rules_on_delete": false,
            "tags": {
              "Name": "Terraform"
            },
            "tags_all": {
              "Name": "Terraform"
            },
            "timeouts": null,
            "vpc_id": "vpc-031c0edf92d6fcf69"
          },
          "sensitive_attributes": [],
          "private": "eyJlMmJmYjczMC1lY2FhLTExZTYtOGY4OC0zNDM2M2JjN2M0YzAiOnsiY3JlYXRlIjo2MDAwMDAwMDAwMDAsImRlbGV0ZSI6OTAwMDAwMDAwMDAwfSwic2NoZW1hX3ZlcnNpb24iOiIxIn0=",
          "dependencies": [
            "aws_vpc.web-vpc"
          ]
        }
      ]
    },
    {
      "mode": "managed",
      "type": "aws_subnet",
      "name": "dr-prv-sub-1a",
      "provider": "provider[\"registry.terraform.io/hashicorp/aws\"].secondary",
      "instances": [
        {
          "schema_version": 1,
          "attributes": {
            "arn": "arn:aws:ec2:ap-south-2:590184002190:subnet/subnet-0204835897ee96f02",
            "assign_ipv6_address_on_creation": false,
            "availability_zone": "ap-south-2a",
            "availability_zone_id": "aps2-az1",
            "cidr_block": "11.0.2.0/24",
            "customer_owned_ipv4_pool": "",
            "enable_dns64": false,
            "enable_lni_at_device_index": 0,
            "enable_resource_name_dns_a_record_on_launch": false,
            "enable_resource_name_dns_aaaa_record_on_launch": false,
            "id": "subnet-0204835897ee96f02",
            "ipv6_cidr_block": "",
            "ipv6_cidr_block_association_id": "",
            "ipv6_native": false,
            "map_customer_owned_ip_on_launch": false,
            "map_public_ip_on_launch": false,
            "outpost_arn": "",
            "owner_id": "590184002190",
            "private_dns_hostname_type_on_launch": "ip-name",
            "tags": {
              "Name": "DR-Terraform-Private-1-Subnet"
            },
            "tags_all": {
              "Name": "DR-Terraform-Private-1-Subnet"
            },
            "timeouts": null,
            "vpc_id": "vpc-0e242674a4a7dd42a"
          },
          "sensitive_attributes": [],
          "private": "eyJlMmJmYjczMC1lY2FhLTExZTYtOGY4OC0zNDM2M2JjN2M0YzAiOnsiY3JlYXRlIjo2MDAwMDAwMDAwMDAsImRlbGV0ZSI6MTIwMDAwMDAwMDAwMH0sInNjaGVtYV92ZXJzaW9uIjoiMSJ9",
          "dependencies": [
            "aws_internet_gateway.dr-igw",
            "aws_vpc.dr-vpc"
          ]
        }
      ]
    },
    {
      "mode": "managed",
      "type": "aws_subnet",
      "name": "dr-prv-sub-1b",
      "provider": "provider[\"registry.terraform.io/hashicorp/aws\"].secondary",
      "instances": [
        {
          "schema_version": 1,
          "attributes": {
            "arn": "arn:aws:ec2:ap-south-2:590184002190:subnet/subnet-05f3fcf5f4b5d5ad4",
            "assign_ipv6_address_on_creation": false,
            "availability_zone": "ap-south-2b",
            "availability_zone_id": "aps2-az2",
            "cidr_block": "11.0.3.0/24",
            "customer_owned_ipv4_pool": "",
            "enable_dns64": false,
            "enable_lni_at_device_index": 0,
            "enable_resource_name_dns_a_record_on_launch": false,
            "enable_resource_name_dns_aaaa_record_on_launch": false,
            "id": "subnet-05f3fcf5f4b5d5ad4",
            "ipv6_cidr_block": "",
            "ipv6_cidr_block_association_id": "",
            "ipv6_native": false,
            "map_customer_owned_ip_on_launch": false,
            "map_public_ip_on_launch": false,
            "outpost_arn": "",
            "owner_id": "590184002190",
            "private_dns_hostname_type_on_launch": "ip-name",
            "tags": {
              "Name": "DR-Terraform-Private-2-Subnet"
            },
            "tags_all": {
              "Name": "DR-Terraform-Private-2-Subnet"
            },
            "timeouts": null,
            "vpc_id": "vpc-0e242674a4a7dd42a"
          },
          "sensitive_attributes": [],
          "private": "eyJlMmJmYjczMC1lY2FhLTExZTYtOGY4OC0zNDM2M2JjN2M0YzAiOnsiY3JlYXRlIjo2MDAwMDAwMDAwMDAsImRlbGV0ZSI6MTIwMDAwMDAwMDAwMH0sInNjaGVtYV92ZXJzaW9uIjoiMSJ9",
          "dependencies": [
            "aws_internet_gateway.dr-igw",
            "aws_vpc.dr-vpc"
          ]
        }
      ]
    },
    {
      "mode": "managed",
      "type": "aws_subnet",
      "name": "web-prv-sub-1a",
      "provider": "provider[\"registry.terraform.io/hashicorp/aws\"].primary",
      "instances": [
        {
          "schema_version": 1,
          "attributes": {
            "arn": "arn:aws:ec2:ap-south-1:590184002190:subnet/subnet-06e7e70af75e89907",
            "assign_ipv6_address_on_creation": false,
            "availability_zone": "ap-south-1a",
            "availability_zone_id": "aps1-az1",
            "cidr_block": "10.0.3.0/24",
            "customer_owned_ipv4_pool": "",
            "enable_dns64": false,
            "enable_lni_at_device_index": 0,
            "enable_resource_name_dns_a_record_on_launch": false,
            "enable_resource_name_dns_aaaa_record_on_launch": false,
            "id": "subnet-06e7e70af75e89907",
            "ipv6_cidr_block": "",
            "ipv6_cidr_block_association_id": "",
            "ipv6_native": false,
            "map_customer_owned_ip_on_launch": false,
            "map_public_ip_on_launch": false,
            "outpost_arn": "",
            "owner_id": "590184002190",
            "private_dns_hostname_type_on_launch": "ip-name",
            "tags": {
              "Name": "Terraform-Private-3-Subnet"
            },
            "tags_all": {
              "Name": "Terraform-Private-3-Subnet"
            },
            "timeouts": null,
            "vpc_id": "vpc-031c0edf92d6fcf69"
          },
          "sensitive_attributes": [],
          "private": "eyJlMmJmYjczMC1lY2FhLTExZTYtOGY4OC0zNDM2M2JjN2M0YzAiOnsiY3JlYXRlIjo2MDAwMDAwMDAwMDAsImRlbGV0ZSI6MTIwMDAwMDAwMDAwMH0sInNjaGVtYV92ZXJzaW9uIjoiMSJ9",
          "dependencies": [
            "aws_internet_gateway.web-igw",
            "aws_vpc.web-vpc"
          ]
        }
      ]
    },
    {
      "mode": "managed",
      "type": "aws_subnet",
      "name": "web-prv-sub-1b",
      "provider": "provider[\"registry.terraform.io/hashicorp/aws\"].primary",
      "instances": [
        {
          "schema_version": 1,
          "attributes": {
            "arn": "arn:aws:ec2:ap-south-1:590184002190:subnet/subnet-0a3ee009127c65fa2",
            "assign_ipv6_address_on_creation": false,
            "availability_zone": "ap-south-1b",
            "availability_zone_id": "aps1-az3",
            "cidr_block": "10.0.4.0/24",
            "customer_owned_ipv4_pool": "",
            "enable_dns64": false,
            "enable_lni_at_device_index": 0,
            "enable_resource_name_dns_a_record_on_launch": false,
            "enable_resource_name_dns_aaaa_record_on_launch": false,
            "id": "subnet-0a3ee009127c65fa2",
            "ipv6_cidr_block": "",
            "ipv6_cidr_block_association_id": "",
            "ipv6_native": false,
            "map_customer_owned_ip_on_launch": false,
            "map_public_ip_on_launch": false,
            "outpost_arn": "",
            "owner_id": "590184002190",
            "private_dns_hostname_type_on_launch": "ip-name",
            "tags": {
              "Name": "Terraform-Private-4-Subnet"
            },
            "tags_all": {
              "Name": "Terraform-Private-4-Subnet"
            },
            "timeouts": null,
            "vpc_id": "vpc-031c0edf92d6fcf69"
          },
          "sensitive_attributes": [],
          "private": "eyJlMmJmYjczMC1lY2FhLTExZTYtOGY4OC0zNDM2M2JjN2M0YzAiOnsiY3JlYXRlIjo2MDAwMDAwMDAwMDAsImRlbGV0ZSI6MTIwMDAwMDAwMDAwMH0sInNjaGVtYV92ZXJzaW9uIjoiMSJ9",
          "dependencies": [
            "aws_internet_gateway.web-igw",
            "aws_vpc.web-vpc"
          ]
        }
      ]
    },
    {
      "mode": "managed",
      "type": "aws_vpc",
      "name": "dr-vpc",
      "provider": "provider[\"registry.terraform.io/hashicorp/aws\"].secondary",
      "instances": [
        {
          "schema_version": 1,
          "attributes": {
            "arn": "arn:aws:ec2:ap-south-2:590184002190:vpc/vpc-0e242674a4a7dd42a",
            "assign_generated_ipv6_cidr_block": false,
            "cidr_block": "11.0.0.0/16",
            "default_network_acl_id": "acl-01bb66c967c32bd74",
            "default_route_table_id": "rtb-01a9523dd04e04b17",
            "default_security_group_id": "sg-02c4783fdc8486132",
            "dhcp_options_id": "dopt-0b3f4919ccf716d9c",
            "enable_dns_hostnames": false,
            "enable_dns_support": true,
            "enable_network_address_usage_metrics": false,
            "id": "vpc-0e242674a4a7dd42a",
            "instance_tenancy": "default",
            "ipv4_ipam_pool_id": null,
            "ipv4_netmask_length": null,
            "ipv6_association_id": "",
            "ipv6_cidr_block": "",
            "ipv6_cidr_block_network_border_group": "",
            "ipv6_ipam_pool_id": "",
            "ipv6_netmask_length": 0,
            "main_route_table_id": "rtb-01a9523dd04e04b17",
            "owner_id": "590184002190",
            "tags": {
              "Name": "DR-Terraform-VPC"
            },
            "tags_all": {
              "Name": "DR-Terraform-VPC"
            }
          },
          "sensitive_attributes": [],
          "private": "eyJzY2hlbWFfdmVyc2lvbiI6IjEifQ=="
        }
      ]
    },
    {
      "mode": "managed",
      "type": "aws_vpc",
      "name": "web-vpc",
      "provider": "provider[\"registry.terraform.io/hashicorp/aws\"].primary",
      "instances": [
        {
          "schema_version": 1,
          "attributes": {
            "arn": "arn:aws:ec2:ap-south-1:590184002190:vpc/vpc-031c0edf92d6fcf69",
            "assign_generated_ipv6_cidr_block": false,
            "cidr_block": "10.0.0.0/16",
            "default_network_acl_id": "acl-055e9e332c2edbf6d",
            "default_route_table_id": "rtb-0a2780edf3be03230",
            "default_security_group_id": "sg-0f12d81dad413d826",
            "dhcp_options_id": "dopt-0fb17c1e6159a9f11",
            "enable_dns_hostnames": false,
            "enable_dns_support": true,
            "enable_network_address_usage_metrics": false,
            "id": "vpc-031c0edf92d6fcf69",
            "instance_tenancy": "default",
            "ipv4_ipam_pool_id": null,
            "ipv4_netmask_length": null,
            "ipv6_association_id": "",
            "ipv6_cidr_block": "",
            "ipv6_cidr_block_network_border_group": "",
            "ipv6_ipam_pool_id": "",
            "ipv6_netmask_length": 0,
            "main_route_table_id": "rtb-0a2780edf3be03230",
            "owner_id": "590184002190",
            "tags": {
              "Name": "Terraform-VPC"
            },
            "tags_all": {
              "Name": "Terraform-VPC"
            }
          },
          "sensitive_attributes": [],
          "private": "eyJzY2hlbWFfdmVyc2lvbiI6IjEifQ=="
        }
      ]
    }
  ],
  "check_results": null
}
